<Solution>
  <Project Path="eng/Broiler.Mail.DependencyProbe/Broiler.Mail.DependencyProbe.csproj" />
  <Project Path="src/Broiler.Mail.Application/Broiler.Mail.Application.csproj" />
  <Project Path="src/Broiler.Mail.Core/Broiler.Mail.Core.csproj" />
  <Project Path="src/Broiler.Mail.Infrastructure/Broiler.Mail.Infrastructure.csproj" />
  <Project Path="src/Broiler.Mail.Linux/Broiler.Mail.Linux.csproj" />
  <Project Path="src/Broiler.Mail.Windows/Broiler.Mail.Windows.csproj" />
  <Project Path="tests/Broiler.Mail.Linux.Tests/Broiler.Mail.Linux.Tests.csproj" />
  <Project Path="tests/Broiler.Mail.Tests/Broiler.Mail.Tests.csproj" />
  <Project Path="tests/Broiler.Mail.Windows.Tests/Broiler.Mail.Windows.Tests.csproj" />
</Solution>
